// !$*UTF8*$!
{
	archiveVersion = 1;
	classes = {
	};
	objectVersion = 50;
	objects = {

/* Begin PBXBuildFile section */
		37CC7F0124EF93E4007B83C6 /* AppDelegate.swift in Sources */ = {isa = PBXBuildFile; fileRef = 37CC7F0024EF93E4007B83C6 /* AppDelegate.swift */; };
		37CC7F0324EF93E4007B83C6 /* SceneDelegate.swift in Sources */ = {isa = PBXBuildFile; fileRef = 37CC7F0224EF93E4007B83C6 /* SceneDelegate.swift */; };
		37CC7F0524EF93E4007B83C6 /* ViewController.swift in Sources */ = {isa = PBXBuildFile; fileRef = 37CC7F0424EF93E4007B83C6 /* ViewController.swift */; };
		37CC7F0824EF93E4007B83C6 /* Main.storyboard in Resources */ = {isa = PBXBuildFile; fileRef = 37CC7F0624EF93E4007B83C6 /* Main.storyboard */; };
		37CC7F0A24EF93E5007B83C6 /* Assets.xcassets in Resources */ = {isa = PBXBuildFile; fileRef = 37CC7F0924EF93E5007B83C6 /* Assets.xcassets */; };
		37CC7F0D24EF93E5007B83C6 /* LaunchScreen.storyboard in Resources */ = {isa = PBXBuildFile; fileRef = 37CC7F0B24EF93E5007B83C6 /* LaunchScreen.storyboard */; };
/* End PBXBuildFile section */

/* Begin PBXFileReference section */
		37CC7EFD24EF93E4007B83C6 /* RGBApp.app */ = {isa = PBXFileReference; explicitFileType = wrapper.application; includeInIndex = 0; path = RGBApp.app; sourceTree = BUILT_PRODUCTS_DIR; };
		37CC7F0024EF93E4007B83C6 /* AppDelegate.swift */ = {isa = PBXFileReference; lastKnownFileType = sourcecode.swift; path = AppDelegate.swift; sourceTree = "<group>"; };
		37CC7F0224EF93E4007B83C6 /* SceneDelegate.swift */ = {isa = PBXFileReference; lastKnownFileType = sourcecode.swift; path = SceneDelegate.swift; sourceTree = "<group>"; };
		37CC7F0424EF93E4007B83C6 /* ViewController.swift */ = {isa = PBXFileReference; lastKnownFileType = sourcecode.swift; path = ViewController.swift; sourceTree = "<group>"; };
		37CC7F0724EF93E4007B83C6 /* Base */ = {isa = PBXFileReference; lastKnownFileType = file.storyboard; name = Base; path = Base.lproj/Main.storyboard; sourceTree = "<group>"; };
		37CC7F0924EF93E5007B83C6 /* Assets.xcassets */ = {isa = PBXFileReference; lastKnownFileType = folder.assetcatalog; path = Assets.xcassets; sourceTree = "<group>"; };
		37CC7F0C24EF93E5007B83C6 /* Base */ = {isa = PBXFileReference; lastKnownFileType = file.storyboard; name = Base; path = Base.lproj/LaunchScreen.storyboard; sourceTree = "<group>"; };
		37CC7F0E24EF93E5007B83C6 /* Info.plist */ = {isa = PBXFileReference; lastKnownFileType = text.plist.xml; path = Info.plist; sourceTree = "<group>"; };
/* End PBXFileReference section */

/* Begin PBXFrameworksBuildPhase section */
		37CC7EFA24EF93E4007B83C6 /* Frameworks */ = {
			isa = PBXFrameworksBuildPhase;
			buildActionMask = 2147483647;
			files = (
			);
			runOnlyForDeploymentPostprocessing = 0;
		};
/* End PBXFrameworksBuildPhase section */

/* Begin PBXGroup section */
		37CC7EF424EF93E4007B83C6 = {
			isa = PBXGroup;
			children = (
				37CC7EFF24EF93E4007B83C6 /* RGBApp */,
				37CC7EFE24EF93E4007B83C6 /* Products */,
			);
			sourceTree = "<group>";
		};
		37CC7EFE24EF93E4007B83C6 /* Products */ = {
			isa = PBXGroup;
			children = (
				37CC7EFD24EF93E4007B83C6 /* RGBApp.app */,
			);
			name = Products;
			sourceTree = "<group>";
		};
		37CC7EFF24EF93E4007B83C6 /* RGBApp */ = {
			isa = PBXGroup;
			children = (
				37CC7F0024EF93E4007B83C6 /* AppDelegate.swift */,
				37CC7F0224EF93E4007B83C6 /* SceneDelegate.swift */,
				37CC7F0424EF93E4007B83C6 /* ViewController.swift */,
				37CC7F0624EF93E4007B83C6 /* Main.storyboard */,
				37CC7F0924EF93E5007B83C6 /* Assets.xcassets */,
				37CC7F0B24EF93E5007B83C6 /* LaunchScreen.storyboard */,
				37CC7F0E24EF93E5007B83C6 /* Info.plist */,
			);
			path = RGBApp;
			sourceTree = "<group>";
		};
/* End PBXGroup section */

/* Begin PBXNativeTarget section */
		37CC7EFC24EF93E4007B83C6 /* RGBApp */ = {
			isa = PBXNativeTarget;
			buildConfigurationList = 37CC7F1124EF93E5007B83C6 /* Build configuration list for PBXNativeTarget "RGBApp" */;
			buildPhases = (
				37CC7EF924EF93E4007B83C6 /* Sources */,
				37CC7EFA24EF93E4007B83C6 /* Frameworks */,
				37CC7EFB24EF93E4007B83C6 /* Resources */,
			);
			buildRules = (
			);
			dependencies = (
			);
			name = RGBApp;
			productName = RGBApp;
			productReference = 37CC7EFD24EF93E4007B83C6 /* RGBApp.app */;
			productType = "com.apple.product-type.application";
		};
/* End PBXNativeTarget section */

/* Begin PBXProject section */
		37CC7EF524EF93E4007B83C6 /* Project object */ = {
			isa = PBXProject;
			attributes = {
				LastSwiftUpdateCheck = 1150;
				LastUpgradeCheck = 1150;
				ORGANIZATIONNAME = ddyack;
				TargetAttributes = {
					37CC7EFC24EF93E4007B83C6 = {
						CreatedOnToolsVersion = 11.5;
					};
				};
			};
			buildConfigurationList = 37CC7EF824EF93E4007B83C6 /* Build configuration list for PBXProject "RGBApp" */;
			compatibilityVersion = "Xcode 9.3";
			developmentRegion = en;
			hasScannedForEncodings = 0;
			knownRegions = (
				en,
				Base,
			);
			mainGroup = 37CC7EF424EF93E4007B83C6;
			productRefGroup = 37CC7EFE24EF93E4007B83C6 /* Products */;
			projectDirPath = "";
			projectRoot = "";
			targets = (
				37CC7EFC24EF93E4007B83C6 /* RGBApp */,
			);
		};
/* End PBXProject section */

/* Begin PBXResourcesBuildPhase section */
		37CC7EFB24EF93E4007B83C6 /* Resources */ = {
			isa = PBXResourcesBuildPhase;
			buildActionMask = 2147483647;
			files = (
				37CC7F0D24EF93E5007B83C6 /* LaunchScreen.storyboard in Resources */,
				37CC7F0A24EF93E5007B83C6 /* Assets.xcassets in Resources */,
				37CC7F0824EF93E4007B83C6 /* Main.storyboard in Resources */,
			);
			runOnlyForDeploymentPostprocessing = 0;
		};
/* End PBXResourcesBuildPhase section */

/* Begin PBXSourcesBuildPhase section */
		37CC7EF924EF93E4007B83C6 /* Sources */ = {
			isa = PBXSourcesBuildPhase;
			buildActionMask = 2147483647;
			files = (
				37CC7F0524EF93E4007B83C6 /* ViewController.swift in Sources */,
				37CC7F0124EF93E4007B83C6 /* AppDelegate.swift in Sources */,
				37CC7F0324EF93E4007B83C6 /* SceneDelegate.swift in Sources */,
			);
			runOnlyForDeploymentPostprocessing = 0;
		};
/* End PBXSourcesBuildPhase section */

/* Begin PBXVariantGroup section */
		37CC7F0624EF93E4007B83C6 /* Main.storyboard */ = {
			isa = PBXVariantGroup;
			children = (
				37CC7F0724EF93E4007B83C6 /* Base */,
			);
			name = Main.storyboard;
			sourceTree = "<group>";
		};
		37CC7F0B24EF93E5007B83C6 /* LaunchScreen.storyboard */ = {
			isa = PBXVariantGroup;
			children = (
				37CC7F0C24EF93E5007B83C6 /* Base */,
			);
			name = LaunchScreen.storyboard;
			sourceTree = "<group>";
		};
/* End PBXVariantGroup section */

/* Begin XCBuildConfiguration section */
		37CC7F0F24EF93E5007B83C6 /* Debug */ = {
			isa = XCBuildConfiguration;
			buildSettings = {
				ALWAYS_SEARCH_USER_PATHS = NO;
				CLANG_ANALYZER_NONNULL = YES;
				CLANG_ANALYZER_NUMBER_OBJECT_CONVERSION = YES_AGGRESSIVE;
				CLANG_CXX_LANGUAGE_STANDARD = "gnu++14";
				CLANG_CXX_LIBRARY = "libc++";
				CLANG_ENABLE_MODULES = YES;
				CLANG_ENABLE_OBJC_ARC = YES;
				CLANG_ENABLE_OBJC_WEAK = YES;
				CLANG_WARN_BLOCK_CAPTURE_AUTORELEASING = YES;
				CLANG_WARN_BOOL_CONVERSION = YES;
				CLANG_WARN_COMMA = YES;
				CLANG_WARN_CONSTANT_CONVERSION = YES;
				CLANG_WARN_DEPRECATED_OBJC_IMPLEMENTATIONS = YES;
				CLANG_WARN_DIRECT_OBJC_ISA_USAGE = YES_ERROR;
				CLANG_WARN_DOCUMENTATION_COMMENTS = YES;
				CLANG_WARN_EMPTY_BODY = YES;
				CLANG_WARN_ENUM_CONVERSION = YES;
				CLANG_WARN_INFINITE_RECURSION = YES;
				CLANG_WARN_INT_CONVERSION = YES;
				CLANG_WARN_NON_LITERAL_NULL_CONVERSION = YES;
				CLANG_WARN_OBJC_IMPLICIT_RETAIN_SELF = YES;
				CLANG_WARN_OBJC_LITERAL_CONVERSION = YES;
				CLANG_WARN_OBJC_ROOT_CLASS = YES_ERROR;
				CLANG_WARN_RANGE_LOOP_ANALYSIS = YES;
				CLANG_WARN_STRICT_PROTOTYPES = YES;
				CLANG_WARN_SUSPICIOUS_MOVE = YES;
				CLANG_WARN_UNGUARDED_AVAILABILITY = YES_AGGRESSIVE;
				CLANG_WARN_UNREACHABLE_CODE = YES;
				CLANG_WARN__DUPLICATE_METHOD_MATCH = YES;
				COPY_PHASE_STRIP = NO;
				DEBUG_INFORMATION_FORMAT = dwarf;
				ENABLE_STRICT_OBJC_MSGSEND = YES;
				ENABLE_TESTABILITY = YES;
				GCC_C_LANGUAGE_STANDARD = gnu11;
				GCC_DYNAMIC_NO_PIC = NO;
				GCC_NO_COMMON_BLOCKS = YES;
				GCC_OPTIMIZATION_LEVEL = 0;
				GCC_PREPROCESSOR_DEFINITIONS = (
					"DEBUG=1",
					"$(inherited)",
				);
				GCC_WARN_64_TO_32_BIT_CONVERSION = YES;
				GCC_WARN_ABOUT_RETURN_TYPE = YES_ERROR;
				GCC_WARN_UNDECLARED_SELECTOR = YES;
				GCC_WARN_UNINITIALIZED_AUTOS = YES_AGGRESSIVE;
				GCC_WARN_UNUSED_FUNCTION = YES;
				GCC_WARN_UNUSED_VARIABLE = YES;
				IPHONEOS_DEPLOYMENT_TARGET = 13.5;
				MTL_ENABLE_DEBUG_INFO = INCLUDE_SOURCE;
				MTL_FAST_MATH = YES;
				ONLY_ACTIVE_ARCH = YES;
				SDKROOT = iphoneos;
				SWIFT_ACTIVE_COMPILATION_CONDITIONS = DEBUG;
				SWIFT_OPTIMIZATION_LEVEL = "-Onone";
			};
			name = Debug;
		};
		37CC7F1024EF93E5007B83C6 /* Release */ = {
			isa = XCBuildConfiguration;
			buildSettings = {
				ALWAYS_SEARCH_USER_PATHS = NO;
				CLANG_ANALYZER_NONNULL = YES;
				CLANG_ANALYZER_NUMBER_OBJECT_CONVERSION = YES_AGGRESSIVE;
				CLANG_CXX_LANGUAGE_STANDARD = "gnu++14";
				CLANG_CXX_LIBRARY = "libc++";
				CLANG_ENABLE_MODULES = YES;
				CLANG_ENABLE_OBJC_ARC = YES;
				CLANG_ENABLE_OBJC_WEAK = YES;
				CLANG_WARN_BLOCK_CAPTURE_AUTORELEASING = YES;
				CLANG_WARN_BOOL_CONVERSION = YES;
				CLANG_WARN_COMMA = YES;
				CLANG_WARN_CONSTANT_CONVERSION = YES;
				CLANG_WARN_DEPRECATED_OBJC_IMPLEMENTATIONS = YES;
				CLANG_WARN_DIRECT_OBJC_ISA_USAGE = YES_ERROR;
				CLANG_WARN_DOCUMENTATION_COMMENTS = YES;
				CLANG_WARN_EMPTY_BODY = YES;
				CLANG_WARN_ENUM_CONVERSION = YES;
				CLANG_WARN_INFINITE_RECURSION = YES;
				CLANG_WARN_INT_CONVERSION = YES;
				CLANG_WARN_NON_LITERAL_NULL_CONVERSION = YES;
				CLANG_WARN_OBJC_IMPLICIT_RETAIN_SELF = YES;
				CLANG_WARN_OBJC_LITERAL_CONVERSION = YES;
				CLANG_WARN_OBJC_ROOT_CLASS = YES_ERROR;
				CLANG_WARN_RANGE_LOOP_ANALYSIS = YES;
				CLANG_WARN_STRICT_PROTOTYPES = YES;
				CLANG_WARN_SUSPICIOUS_MOVE = YES;
				CLANG_WARN_UNGUARDED_AVAILABILITY = YES_AGGRESSIVE;
				CLANG_WARN_UNREACHABLE_CODE = YES;
				CLANG_WARN__DUPLICATE_METHOD_MATCH = YES;
				COPY_PHASE_STRIP = NO;
				DEBUG_INFORMATION_FORMAT = "dwarf-with-dsym";
				ENABLE_NS_ASSERTIONS = NO;
				ENABLE_STRICT_OBJC_MSGSEND = YES;
				GCC_C_LANGUAGE_STANDARD = gnu11;
				GCC_NO_COMMON_BLOCKS = YES;
				GCC_WARN_64_TO_32_BIT_CONVERSION = YES;
				GCC_WARN_ABOUT_RETURN_TYPE = YES_ERROR;
				GCC_WARN_UNDECLARED_SELECTOR = YES;
				GCC_WARN_UNINITIALIZED_AUTOS = YES_AGGRESSIVE;
				GCC_WARN_UNUSED_FUNCTION = YES;
				GCC_WARN_UNUSED_VARIABLE = YES;
				IPHONEOS_DEPLOYMENT_TARGET = 13.5;
				MTL_ENABLE_DEBUG_INFO = NO;
				MTL_FAST_MATH = YES;
				SDKROOT = iphoneos;
				SWIFT_COMPILATION_MODE = wholemodule;
				SWIFT_OPTIMIZATION_LEVEL = "-O";
				VALIDATE_PRODUCT = YES;
			};
			name = Release;
		};
		37CC7F1224EF93E5007B83C6 /* Debug */ = {
			isa = XCBuildConfiguration;
			buildSettings = {
				ASSETCATALOG_COMPILER_APPICON_NAME = AppIcon;
				CODE_SIGN_STYLE = Automatic;
				DEVELOPMENT_TEAM = XVVFN6MU8P;
				INFOPLIST_FILE = RGBApp/Info.plist;
				LD_RUNPATH_SEARCH_PATHS = (
					"$(inherited)",
					"@executable_path/Frameworks",
				);
				PRODUCT_BUNDLE_IDENTIFIER = "dmitriy-dyachkov.RGBApp";
				PRODUCT_NAME = "$(TARGET_NAME)";
				SWIFT_VERSION = 5.0;
				TARGETED_DEVICE_FAMILY = "1,2";
			};
			name = Debug;
		};
		37CC7F1324EF93E5007B83C6 /* Release */ = {
			isa = XCBuildConfiguration;
			buildSettings = {
				ASSETCATALOG_COMPILER_APPICON_NAME = AppIcon;
				CODE_SIGN_STYLE = Automatic;
				DEVELOPMENT_TEAM = XVVFN6MU8P;
				INFOPLIST_FILE = RGBApp/Info.plist;
				LD_RUNPATH_SEARCH_PATHS = (
					"$(inherited)",
					"@executable_path/Frameworks",
				);
				PRODUCT_BUNDLE_IDENTIFIER = "dmitriy-dyachkov.RGBApp";
				PRODUCT_NAME = "$(TARGET_NAME)";
				SWIFT_VERSION = 5.0;
				TARGETED_DEVICE_FAMILY = "1,2";
			};
			name = Release;
		};
/* End XCBuildConfiguration section */

/* Begin XCConfigurationList section */
		37CC7EF824EF93E4007B83C6 /* Build configuration list for PBXProject "RGBApp" */ = {
			isa = XCConfigurationList;
			buildConfigurations = (
				37CC7F0F24EF93E5007B83C6 /* Debug */,
				37CC7F1024EF93E5007B83C6 /* Release */,
			);
			defaultConfigurationIsVisible = 0;
			defaultConfigurationName = Release;
		};
		37CC7F1124EF93E5007B83C6 /* Build configuration list for PBXNativeTarget "RGBApp" */ = {
			isa = XCConfigurationList;
			buildConfigurations = (
				37CC7F1224EF93E5007B83C6 /* Debug */,
				37CC7F1324EF93E5007B83C6 /* Release */,
			);
			defaultConfigurationIsVisible = 0;
			defaultConfigurationName = Release;
		};
/* End XCConfigurationList section */
	};
	rootObject = 37CC7EF524EF93E4007B83C6 /* Project object */;
}
